// !$*UTF8*$!
{
	archiveVersion = 1;
	classes = {
	};
	objectVersion = 46;
	objects = {

/* Begin PBXBuildFile section */
		CB0181FC1C189A6700290197 /* main.m in Sources */ = {isa = PBXBuildFile; fileRef = CB0181FB1C189A6700290197 /* main.m */; };
		CB0181FF1C189A6700290197 /* AppDelegate.m in Sources */ = {isa = PBXBuildFile; fileRef = CB0181FE1C189A6700290197 /* AppDelegate.m */; };
		CB0182021C189A6700290197 /* LZMotionFun1.xcdatamodeld in Sources */ = {isa = PBXBuildFile; fileRef = CB0182001C189A6700290197 /* LZMotionFun1.xcdatamodeld */; };
		CB0182051C189A6700290197 /* ViewController.m in Sources */ = {isa = PBXBuildFile; fileRef = CB0182041C189A6700290197 /* ViewController.m */; };
		CB0182081C189A6700290197 /* Main.storyboard in Resources */ = {isa = PBXBuildFile; fileRef = CB0182061C189A6700290197 /* Main.storyboard */; };
		CB01820A1C189A6700290197 /* Images.xcassets in Resources */ = {isa = PBXBuildFile; fileRef = CB0182091C189A6700290197 /* Images.xcassets */; };
		CB01820D1C189A6700290197 /* LaunchScreen.xib in Resources */ = {isa = PBXBuildFile; fileRef = CB01820B1C189A6700290197 /* LaunchScreen.xib */; };
		CB0182191C189A6700290197 /* LZMotionFun1Tests.m in Sources */ = {isa = PBXBuildFile; fileRef = CB0182181C189A6700290197 /* LZMotionFun1Tests.m */; };
/* End PBXBuildFile section */

/* Begin PBXContainerItemProxy section */
		CB0182131C189A6700290197 /* PBXContainerItemProxy */ = {
			isa = PBXContainerItemProxy;
			containerPortal = CB0181EE1C189A6700290197 /* Project object */;
			proxyType = 1;
			remoteGlobalIDString = CB0181F51C189A6700290197;
			remoteInfo = LZMotionFun1;
		};
/* End PBXContainerItemProxy section */

/* Begin PBXFileReference section */
		CB0181F61C189A6700290197 /* LZMotionFun1.app */ = {isa = PBXFileReference; explicitFileType = wrapper.application; includeInIndex = 0; path = LZMotionFun1.app; sourceTree = BUILT_PRODUCTS_DIR; };
		CB0181FA1C189A6700290197 /* Info.plist */ = {isa = PBXFileReference; lastKnownFileType = text.plist.xml; path = Info.plist; sourceTree = "<group>"; };
		CB0181FB1C189A6700290197 /* main.m */ = {isa = PBXFileReference; lastKnownFileType = sourcecode.c.objc; path = main.m; sourceTree = "<group>"; };
		CB0181FD1C189A6700290197 /* AppDelegate.h */ = {isa = PBXFileReference; lastKnownFileType = sourcecode.c.h; path = AppDelegate.h; sourceTree = "<group>"; };
		CB0181FE1C189A6700290197 /* AppDelegate.m */ = {isa = PBXFileReference; lastKnownFileType = sourcecode.c.objc; path = AppDelegate.m; sourceTree = "<group>"; };
		CB0182011C189A6700290197 /* LZMotionFun1.xcdatamodel */ = {isa = PBXFileReference; lastKnownFileType = wrapper.xcdatamodel; path = LZMotionFun1.xcdatamodel; sourceTree = "<group>"; };
		CB0182031C189A6700290197 /* ViewController.h */ = {isa = PBXFileReference; lastKnownFileType = sourcecode.c.h; path = ViewController.h; sourceTree = "<group>"; };
		CB0182041C189A6700290197 /* ViewController.m */ = {isa = PBXFileReference; lastKnownFileType = sourcecode.c.objc; path = ViewController.m; sourceTree = "<group>"; };
		CB0182071C189A6700290197 /* Base */ = {isa = PBXFileReference; lastKnownFileType = file.storyboard; name = Base; path = Base.lproj/Main.storyboard; sourceTree = "<group>"; };
		CB0182091C189A6700290197 /* Images.xcassets */ = {isa = PBXFileReference; lastKnownFileType = folder.assetcatalog; path = Images.xcassets; sourceTree = "<group>"; };
		CB01820C1C189A6700290197 /* Base */ = {isa = PBXFileReference; lastKnownFileType = file.xib; name = Base; path = Base.lproj/LaunchScreen.xib; sourceTree = "<group>"; };
		CB0182121C189A6700290197 /* LZMotionFun1Tests.xctest */ = {isa = PBXFileReference; explicitFileType = wrapper.cfbundle; includeInIndex = 0; path = LZMotionFun1Tests.xctest; sourceTree = BUILT_PRODUCTS_DIR; };
		CB0182171C189A6700290197 /* Info.plist */ = {isa = PBXFileReference; lastKnownFileType = text.plist.xml; path = Info.plist; sourceTree = "<group>"; };
		CB0182181C189A6700290197 /* LZMotionFun1Tests.m */ = {isa = PBXFileReference; lastKnownFileType = sourcecode.c.objc; path = LZMotionFun1Tests.m; sourceTree = "<group>"; };
/* End PBXFileReference section */

/* Begin PBXFrameworksBuildPhase section */
		CB0181F31C189A6700290197 /* Frameworks */ = {
			isa = PBXFrameworksBuildPhase;
			buildActionMask = 2147483647;
			files = (
			);
			runOnlyForDeploymentPostprocessing = 0;
		};
		CB01820F1C189A6700290197 /* Frameworks */ = {
			isa = PBXFrameworksBuildPhase;
			buildActionMask = 2147483647;
			files = (
			);
			runOnlyForDeploymentPostprocessing = 0;
		};
/* End PBXFrameworksBuildPhase section */

/* Begin PBXGroup section */
		CB0181ED1C189A6700290197 = {
			isa = PBXGroup;
			children = (
				CB0181F81C189A6700290197 /* LZMotionFun1 */,
				CB0182151C189A6700290197 /* LZMotionFun1Tests */,
				CB0181F71C189A6700290197 /* Products */,
			);
			sourceTree = "<group>";
		};
		CB0181F71C189A6700290197 /* Products */ = {
			isa = PBXGroup;
			children = (
				CB0181F61C189A6700290197 /* LZMotionFun1.app */,
				CB0182121C189A6700290197 /* LZMotionFun1Tests.xctest */,
			);
			name = Products;
			sourceTree = "<group>";
		};
		CB0181F81C189A6700290197 /* LZMotionFun1 */ = {
			isa = PBXGroup;
			children = (
				CB0181FD1C189A6700290197 /* AppDelegate.h */,
				CB0181FE1C189A6700290197 /* AppDelegate.m */,
				CB0182031C189A6700290197 /* ViewController.h */,
				CB0182041C189A6700290197 /* ViewController.m */,
				CB0182061C189A6700290197 /* Main.storyboard */,
				CB0182091C189A6700290197 /* Images.xcassets */,
				CB01820B1C189A6700290197 /* LaunchScreen.xib */,
				CB0182001C189A6700290197 /* LZMotionFun1.xcdatamodeld */,
				CB0181F91C189A6700290197 /* Supporting Files */,
			);
			path = LZMotionFun1;
			sourceTree = "<group>";
		};
		CB0181F91C189A6700290197 /* Supporting Files */ = {
			isa = PBXGroup;
			children = (
				CB0181FA1C189A6700290197 /* Info.plist */,
				CB0181FB1C189A6700290197 /* main.m */,
			);
			name = "Supporting Files";
			sourceTree = "<group>";
		};
		CB0182151C189A6700290197 /* LZMotionFun1Tests */ = {
			isa = PBXGroup;
			children = (
				CB0182181C189A6700290197 /* LZMotionFun1Tests.m */,
				CB0182161C189A6700290197 /* Supporting Files */,
			);
			path = LZMotionFun1Tests;
			sourceTree = "<group>";
		};
		CB0182161C189A6700290197 /* Supporting Files */ = {
			isa = PBXGroup;
			children = (
				CB0182171C189A6700290197 /* Info.plist */,
			);
			name = "Supporting Files";
			sourceTree = "<group>";
		};
/* End PBXGroup section */

/* Begin PBXNativeTarget section */
		CB0181F51C189A6700290197 /* LZMotionFun1 */ = {
			isa = PBXNativeTarget;
			buildConfigurationList = CB01821C1C189A6700290197 /* Build configuration list for PBXNativeTarget "LZMotionFun1" */;
			buildPhases = (
				CB0181F21C189A6700290197 /* Sources */,
				CB0181F31C189A6700290197 /* Frameworks */,
				CB0181F41C189A6700290197 /* Resources */,
			);
			buildRules = (
			);
			dependencies = (
			);
			name = LZMotionFun1;
			productName = LZMotionFun1;
			productReference = CB0181F61C189A6700290197 /* LZMotionFun1.app */;
			productType = "com.apple.product-type.application";
		};
		CB0182111C189A6700290197 /* LZMotionFun1Tests */ = {
			isa = PBXNativeTarget;
			buildConfigurationList = CB01821F1C189A6700290197 /* Build configuration list for PBXNativeTarget "LZMotionFun1Tests" */;
			buildPhases = (
				CB01820E1C189A6700290197 /* Sources */,
				CB01820F1C189A6700290197 /* Frameworks */,
				CB0182101C189A6700290197 /* Resources */,
			);
			buildRules = (
			);
			dependencies = (
				CB0182141C189A6700290197 /* PBXTargetDependency */,
			);
			name = LZMotionFun1Tests;
			productName = LZMotionFun1Tests;
			productReference = CB0182121C189A6700290197 /* LZMotionFun1Tests.xctest */;
			productType = "com.apple.product-type.bundle.unit-test";
		};
/* End PBXNativeTarget section */

/* Begin PBXProject section */
		CB0181EE1C189A6700290197 /* Project object */ = {
			isa = PBXProject;
			attributes = {
				LastUpgradeCheck = 0630;
				ORGANIZATIONNAME = com.comst1314;
				TargetAttributes = {
					CB0181F51C189A6700290197 = {
						CreatedOnToolsVersion = 6.3.2;
					};
					CB0182111C189A6700290197 = {
						CreatedOnToolsVersion = 6.3.2;
						TestTargetID = CB0181F51C189A6700290197;
					};
				};
			};
			buildConfigurationList = CB0181F11C189A6700290197 /* Build configuration list for PBXProject "LZMotionFun1" */;
			compatibilityVersion = "Xcode 3.2";
			developmentRegion = English;
			hasScannedForEncodings = 0;
			knownRegions = (
				en,
				Base,
			);
			mainGroup = CB0181ED1C189A6700290197;
			productRefGroup = CB0181F71C189A6700290197 /* Products */;
			projectDirPath = "";
			projectRoot = "";
			targets = (
				CB0181F51C189A6700290197 /* LZMotionFun1 */,
				CB0182111C189A6700290197 /* LZMotionFun1Tests */,
			);
		};
/* End PBXProject section */

/* Begin PBXResourcesBuildPhase section */
		CB0181F41C189A6700290197 /* Resources */ = {
			isa = PBXResourcesBuildPhase;
			buildActionMask = 2147483647;
			files = (
				CB0182081C189A6700290197 /* Main.storyboard in Resources */,
				CB01820D1C189A6700290197 /* LaunchScreen.xib in Resources */,
				CB01820A1C189A6700290197 /* Images.xcassets in Resources */,
			);
			runOnlyForDeploymentPostprocessing = 0;
		};
		CB0182101C189A6700290197 /* Resources */ = {
			isa = PBXResourcesBuildPhase;
			buildActionMask = 2147483647;
			files = (
			);
			runOnlyForDeploymentPostprocessing = 0;
		};
/* End PBXResourcesBuildPhase section */

/* Begin PBXSourcesBuildPhase section */
		CB0181F21C189A6700290197 /* Sources */ = {
			isa = PBXSourcesBuildPhase;
			buildActionMask = 2147483647;
			files = (
				CB0182021C189A6700290197 /* LZMotionFun1.xcdatamodeld in Sources */,
				CB0181FF1C189A6700290197 /* AppDelegate.m in Sources */,
				CB0182051C189A6700290197 /* ViewController.m in Sources */,
				CB0181FC1C189A6700290197 /* main.m in Sources */,
			);
			runOnlyForDeploymentPostprocessing = 0;
		};
		CB01820E1C189A6700290197 /* Sources */ = {
			isa = PBXSourcesBuildPhase;
			buildActionMask = 2147483647;
			files = (
				CB0182191C189A6700290197 /* LZMotionFun1Tests.m in Sources */,
			);
			runOnlyForDeploymentPostprocessing = 0;
		};
/* End PBXSourcesBuildPhase section */

/* Begin PBXTargetDependency section */
		CB0182141C189A6700290197 /* PBXTargetDependency */ = {
			isa = PBXTargetDependency;
			target = CB0181F51C189A6700290197 /* LZMotionFun1 */;
			targetProxy = CB0182131C189A6700290197 /* PBXContainerItemProxy */;
		};
/* End PBXTargetDependency section */

/* Begin PBXVariantGroup section */
		CB0182061C189A6700290197 /* Main.storyboard */ = {
			isa = PBXVariantGroup;
			children = (
				CB0182071C189A6700290197 /* Base */,
			);
			name = Main.storyboard;
			sourceTree = "<group>";
		};
		CB01820B1C189A6700290197 /* LaunchScreen.xib */ = {
			isa = PBXVariantGroup;
			children = (
				CB01820C1C189A6700290197 /* Base */,
			);
			name = LaunchScreen.xib;
			sourceTree = "<group>";
		};
/* End PBXVariantGroup section */

/* Begin XCBuildConfiguration section */
		CB01821A1C189A6700290197 /* Debug */ = {
			isa = XCBuildConfiguration;
			buildSettings = {
				ALWAYS_SEARCH_USER_PATHS = NO;
				CLANG_CXX_LANGUAGE_STANDARD = "gnu++0x";
				CLANG_CXX_LIBRARY = "libc++";
				CLANG_ENABLE_MODULES = YES;
				CLANG_ENABLE_OBJC_ARC = YES;
				CLANG_WARN_BOOL_CONVERSION = YES;
				CLANG_WARN_CONSTANT_CONVERSION = YES;
				CLANG_WARN_DIRECT_OBJC_ISA_USAGE = YES_ERROR;
				CLANG_WARN_EMPTY_BODY = YES;
				CLANG_WARN_ENUM_CONVERSION = YES;
				CLANG_WARN_INT_CONVERSION = YES;
				CLANG_WARN_OBJC_ROOT_CLASS = YES_ERROR;
				CLANG_WARN_UNREACHABLE_CODE = YES;
				CLANG_WARN__DUPLICATE_METHOD_MATCH = YES;
				"CODE_SIGN_IDENTITY[sdk=iphoneos*]" = "iPhone Developer";
				COPY_PHASE_STRIP = NO;
				DEBUG_INFORMATION_FORMAT = "dwarf-with-dsym";
				ENABLE_STRICT_OBJC_MSGSEND = YES;
				GCC_C_LANGUAGE_STANDARD = gnu99;
				GCC_DYNAMIC_NO_PIC = NO;
				GCC_NO_COMMON_BLOCKS = YES;
				GCC_OPTIMIZATION_LEVEL = 0;
				GCC_PREPROCESSOR_DEFINITIONS = (
					"DEBUG=1",
					"$(inherited)",
				);
				GCC_SYMBOLS_PRIVATE_EXTERN = NO;
				GCC_WARN_64_TO_32_BIT_CONVERSION = YES;
				GCC_WARN_ABOUT_RETURN_TYPE = YES_ERROR;
				GCC_WARN_UNDECLARED_SELECTOR = YES;
				GCC_WARN_UNINITIALIZED_AUTOS = YES_AGGRESSIVE;
				GCC_WARN_UNUSED_FUNCTION = YES;
				GCC_WARN_UNUSED_VARIABLE = YES;
				IPHONEOS_DEPLOYMENT_TARGET = 8.3;
				MTL_ENABLE_DEBUG_INFO = YES;
				ONLY_ACTIVE_ARCH = YES;
				SDKROOT = iphoneos;
			};
			name = Debug;
		};
		CB01821B1C189A6700290197 /* Release */ = {
			isa = XCBuildConfiguration;
			buildSettings = {
				ALWAYS_SEARCH_USER_PATHS = NO;
				CLANG_CXX_LANGUAGE_STANDARD = "gnu++0x";
				CLANG_CXX_LIBRARY = "libc++";
				CLANG_ENABLE_MODULES = YES;
				CLANG_ENABLE_OBJC_ARC = YES;
				CLANG_WARN_BOOL_CONVERSION = YES;
				CLANG_WARN_CONSTANT_CONVERSION = YES;
				CLANG_WARN_DIRECT_OBJC_ISA_USAGE = YES_ERROR;
				CLANG_WARN_EMPTY_BODY = YES;
				CLANG_WARN_ENUM_CONVERSION = YES;
				CLANG_WARN_INT_CONVERSION = YES;
				CLANG_WARN_OBJC_ROOT_CLASS = YES_ERROR;
				CLANG_WARN_UNREACHABLE_CODE = YES;
				CLANG_WARN__DUPLICATE_METHOD_MATCH = YES;
				"CODE_SIGN_IDENTITY[sdk=iphoneos*]" = "iPhone Developer";
				COPY_PHASE_STRIP = NO;
				DEBUG_INFORMATION_FORMAT = "dwarf-with-dsym";
				ENABLE_NS_ASSERTIONS = NO;
				ENABLE_STRICT_OBJC_MSGSEND = YES;
				GCC_C_LANGUAGE_STANDARD = gnu99;
				GCC_NO_COMMON_BLOCKS = YES;
				GCC_WARN_64_TO_32_BIT_CONVERSION = YES;
				GCC_WARN_ABOUT_RETURN_TYPE = YES_ERROR;
				GCC_WARN_UNDECLARED_SELECTOR = YES;
				GCC_WARN_UNINITIALIZED_AUTOS = YES_AGGRESSIVE;
				GCC_WARN_UNUSED_FUNCTION = YES;
				GCC_WARN_UNUSED_VARIABLE = YES;
				IPHONEOS_DEPLOYMENT_TARGET = 8.3;
				MTL_ENABLE_DEBUG_INFO = NO;
				SDKROOT = iphoneos;
				VALIDATE_PRODUCT = YES;
			};
			name = Release;
		};
		CB01821D1C189A6700290197 /* Debug */ = {
			isa = XCBuildConfiguration;
			buildSettings = {
				ASSETCATALOG_COMPILER_APPICON_NAME = AppIcon;
				INFOPLIST_FILE = LZMotionFun1/Info.plist;
				LD_RUNPATH_SEARCH_PATHS = "$(inherited) @executable_path/Frameworks";
				PRODUCT_NAME = "$(TARGET_NAME)";
			};
			name = Debug;
		};
		CB01821E1C189A6700290197 /* Release */ = {
			isa = XCBuildConfiguration;
			buildSettings = {
				ASSETCATALOG_COMPILER_APPICON_NAME = AppIcon;
				INFOPLIST_FILE = LZMotionFun1/Info.plist;
				LD_RUNPATH_SEARCH_PATHS = "$(inherited) @executable_path/Frameworks";
				PRODUCT_NAME = "$(TARGET_NAME)";
			};
			name = Release;
		};
		CB0182201C189A6700290197 /* Debug */ = {
			isa = XCBuildConfiguration;
			buildSettings = {
				BUNDLE_LOADER = "$(TEST_HOST)";
				FRAMEWORK_SEARCH_PATHS = (
					"$(SDKROOT)/Developer/Library/Frameworks",
					"$(inherited)",
				);
				GCC_PREPROCESSOR_DEFINITIONS = (
					"DEBUG=1",
					"$(inherited)",
				);
				INFOPLIST_FILE = LZMotionFun1Tests/Info.plist;
				LD_RUNPATH_SEARCH_PATHS = "$(inherited) @executable_path/Frameworks @loader_path/Frameworks";
				PRODUCT_NAME = "$(TARGET_NAME)";
				TEST_HOST = "$(BUILT_PRODUCTS_DIR)/LZMotionFun1.app/LZMotionFun1";
			};
			name = Debug;
		};
		CB0182211C189A6700290197 /* Release */ = {
			isa = XCBuildConfiguration;
			buildSettings = {
				BUNDLE_LOADER = "$(TEST_HOST)";
				FRAMEWORK_SEARCH_PATHS = (
					"$(SDKROOT)/Developer/Library/Frameworks",
					"$(inherited)",
				);
				INFOPLIST_FILE = LZMotionFun1Tests/Info.plist;
				LD_RUNPATH_SEARCH_PATHS = "$(inherited) @executable_path/Frameworks @loader_path/Frameworks";
				PRODUCT_NAME = "$(TARGET_NAME)";
				TEST_HOST = "$(BUILT_PRODUCTS_DIR)/LZMotionFun1.app/LZMotionFun1";
			};
			name = Release;
		};
/* End XCBuildConfiguration section */

/* Begin XCConfigurationList section */
		CB0181F11C189A6700290197 /* Build configuration list for PBXProject "LZMotionFun1" */ = {
			isa = XCConfigurationList;
			buildConfigurations = (
				CB01821A1C189A6700290197 /* Debug */,
				CB01821B1C189A6700290197 /* Release */,
			);
			defaultConfigurationIsVisible = 0;
			defaultConfigurationName = Release;
		};
		CB01821C1C189A6700290197 /* Build configuration list for PBXNativeTarget "LZMotionFun1" */ = {
			isa = XCConfigurationList;
			buildConfigurations = (
				CB01821D1C189A6700290197 /* Debug */,
				CB01821E1C189A6700290197 /* Release */,
			);
			defaultConfigurationIsVisible = 0;
		};
		CB01821F1C189A6700290197 /* Build configuration list for PBXNativeTarget "LZMotionFun1Tests" */ = {
			isa = XCConfigurationList;
			buildConfigurations = (
				CB0182201C189A6700290197 /* Debug */,
				CB0182211C189A6700290197 /* Release */,
			);
			defaultConfigurationIsVisible = 0;
		};
/* End XCConfigurationList section */

/* Begin XCVersionGroup section */
		CB0182001C189A6700290197 /* LZMotionFun1.xcdatamodeld */ = {
			isa = XCVersionGroup;
			children = (
				CB0182011C189A6700290197 /* LZMotionFun1.xcdatamodel */,
			);
			currentVersion = CB0182011C189A6700290197 /* LZMotionFun1.xcdatamodel */;
			path = LZMotionFun1.xcdatamodeld;
			sourceTree = "<group>";
			versionGroupType = wrapper.xcdatamodel;
		};
/* End XCVersionGroup section */
	};
	rootObject = CB0181EE1C189A6700290197 /* Project object */;
}
