// !$*UTF8*$!
{
	archiveVersion = 1;
	classes = {
	};
	objectVersion = 46;
	objects = {

/* Begin PBXBuildFile section */
		CBCF98651C14942000F6F6C7 /* main.m in Sources */ = {isa = PBXBuildFile; fileRef = CBCF98641C14942000F6F6C7 /* main.m */; };
		CBCF98681C14942000F6F6C7 /* AppDelegate.m in Sources */ = {isa = PBXBuildFile; fileRef = CBCF98671C14942000F6F6C7 /* AppDelegate.m */; };
		CBCF986B1C14942000F6F6C7 /* ViewController.m in Sources */ = {isa = PBXBuildFile; fileRef = CBCF986A1C14942000F6F6C7 /* ViewController.m */; };
		CBCF986E1C14942000F6F6C7 /* Main.storyboard in Resources */ = {isa = PBXBuildFile; fileRef = CBCF986C1C14942000F6F6C7 /* Main.storyboard */; };
		CBCF98701C14942000F6F6C7 /* Images.xcassets in Resources */ = {isa = PBXBuildFile; fileRef = CBCF986F1C14942000F6F6C7 /* Images.xcassets */; };
		CBCF98731C14942000F6F6C7 /* LaunchScreen.xib in Resources */ = {isa = PBXBuildFile; fileRef = CBCF98711C14942000F6F6C7 /* LaunchScreen.xib */; };
		CBCF987F1C14942000F6F6C7 /* LZDataSaveFunTests.m in Sources */ = {isa = PBXBuildFile; fileRef = CBCF987E1C14942000F6F6C7 /* LZDataSaveFunTests.m */; };
/* End PBXBuildFile section */

/* Begin PBXContainerItemProxy section */
		CBCF98791C14942000F6F6C7 /* PBXContainerItemProxy */ = {
			isa = PBXContainerItemProxy;
			containerPortal = CBCF98571C14942000F6F6C7 /* Project object */;
			proxyType = 1;
			remoteGlobalIDString = CBCF985E1C14942000F6F6C7;
			remoteInfo = LZDataSaveFun;
		};
/* End PBXContainerItemProxy section */

/* Begin PBXFileReference section */
		CBCF985F1C14942000F6F6C7 /* LZDataSaveFun.app */ = {isa = PBXFileReference; explicitFileType = wrapper.application; includeInIndex = 0; path = LZDataSaveFun.app; sourceTree = BUILT_PRODUCTS_DIR; };
		CBCF98631C14942000F6F6C7 /* Info.plist */ = {isa = PBXFileReference; lastKnownFileType = text.plist.xml; path = Info.plist; sourceTree = "<group>"; };
		CBCF98641C14942000F6F6C7 /* main.m */ = {isa = PBXFileReference; lastKnownFileType = sourcecode.c.objc; path = main.m; sourceTree = "<group>"; };
		CBCF98661C14942000F6F6C7 /* AppDelegate.h */ = {isa = PBXFileReference; lastKnownFileType = sourcecode.c.h; path = AppDelegate.h; sourceTree = "<group>"; };
		CBCF98671C14942000F6F6C7 /* AppDelegate.m */ = {isa = PBXFileReference; lastKnownFileType = sourcecode.c.objc; path = AppDelegate.m; sourceTree = "<group>"; };
		CBCF98691C14942000F6F6C7 /* ViewController.h */ = {isa = PBXFileReference; lastKnownFileType = sourcecode.c.h; path = ViewController.h; sourceTree = "<group>"; };
		CBCF986A1C14942000F6F6C7 /* ViewController.m */ = {isa = PBXFileReference; lastKnownFileType = sourcecode.c.objc; path = ViewController.m; sourceTree = "<group>"; };
		CBCF986D1C14942000F6F6C7 /* Base */ = {isa = PBXFileReference; lastKnownFileType = file.storyboard; name = Base; path = Base.lproj/Main.storyboard; sourceTree = "<group>"; };
		CBCF986F1C14942000F6F6C7 /* Images.xcassets */ = {isa = PBXFileReference; lastKnownFileType = folder.assetcatalog; path = Images.xcassets; sourceTree = "<group>"; };
		CBCF98721C14942000F6F6C7 /* Base */ = {isa = PBXFileReference; lastKnownFileType = file.xib; name = Base; path = Base.lproj/LaunchScreen.xib; sourceTree = "<group>"; };
		CBCF98781C14942000F6F6C7 /* LZDataSaveFunTests.xctest */ = {isa = PBXFileReference; explicitFileType = wrapper.cfbundle; includeInIndex = 0; path = LZDataSaveFunTests.xctest; sourceTree = BUILT_PRODUCTS_DIR; };
		CBCF987D1C14942000F6F6C7 /* Info.plist */ = {isa = PBXFileReference; lastKnownFileType = text.plist.xml; path = Info.plist; sourceTree = "<group>"; };
		CBCF987E1C14942000F6F6C7 /* LZDataSaveFunTests.m */ = {isa = PBXFileReference; lastKnownFileType = sourcecode.c.objc; path = LZDataSaveFunTests.m; sourceTree = "<group>"; };
/* End PBXFileReference section */

/* Begin PBXFrameworksBuildPhase section */
		CBCF985C1C14942000F6F6C7 /* Frameworks */ = {
			isa = PBXFrameworksBuildPhase;
			buildActionMask = 2147483647;
			files = (
			);
			runOnlyForDeploymentPostprocessing = 0;
		};
		CBCF98751C14942000F6F6C7 /* Frameworks */ = {
			isa = PBXFrameworksBuildPhase;
			buildActionMask = 2147483647;
			files = (
			);
			runOnlyForDeploymentPostprocessing = 0;
		};
/* End PBXFrameworksBuildPhase section */

/* Begin PBXGroup section */
		CBCF98561C14942000F6F6C7 = {
			isa = PBXGroup;
			children = (
				CBCF98611C14942000F6F6C7 /* LZDataSaveFun */,
				CBCF987B1C14942000F6F6C7 /* LZDataSaveFunTests */,
				CBCF98601C14942000F6F6C7 /* Products */,
			);
			sourceTree = "<group>";
		};
		CBCF98601C14942000F6F6C7 /* Products */ = {
			isa = PBXGroup;
			children = (
				CBCF985F1C14942000F6F6C7 /* LZDataSaveFun.app */,
				CBCF98781C14942000F6F6C7 /* LZDataSaveFunTests.xctest */,
			);
			name = Products;
			sourceTree = "<group>";
		};
		CBCF98611C14942000F6F6C7 /* LZDataSaveFun */ = {
			isa = PBXGroup;
			children = (
				CBCF98661C14942000F6F6C7 /* AppDelegate.h */,
				CBCF98671C14942000F6F6C7 /* AppDelegate.m */,
				CBCF98691C14942000F6F6C7 /* ViewController.h */,
				CBCF986A1C14942000F6F6C7 /* ViewController.m */,
				CBCF986C1C14942000F6F6C7 /* Main.storyboard */,
				CBCF986F1C14942000F6F6C7 /* Images.xcassets */,
				CBCF98711C14942000F6F6C7 /* LaunchScreen.xib */,
				CBCF98621C14942000F6F6C7 /* Supporting Files */,
			);
			path = LZDataSaveFun;
			sourceTree = "<group>";
		};
		CBCF98621C14942000F6F6C7 /* Supporting Files */ = {
			isa = PBXGroup;
			children = (
				CBCF98631C14942000F6F6C7 /* Info.plist */,
				CBCF98641C14942000F6F6C7 /* main.m */,
			);
			name = "Supporting Files";
			sourceTree = "<group>";
		};
		CBCF987B1C14942000F6F6C7 /* LZDataSaveFunTests */ = {
			isa = PBXGroup;
			children = (
				CBCF987E1C14942000F6F6C7 /* LZDataSaveFunTests.m */,
				CBCF987C1C14942000F6F6C7 /* Supporting Files */,
			);
			path = LZDataSaveFunTests;
			sourceTree = "<group>";
		};
		CBCF987C1C14942000F6F6C7 /* Supporting Files */ = {
			isa = PBXGroup;
			children = (
				CBCF987D1C14942000F6F6C7 /* Info.plist */,
			);
			name = "Supporting Files";
			sourceTree = "<group>";
		};
/* End PBXGroup section */

/* Begin PBXNativeTarget section */
		CBCF985E1C14942000F6F6C7 /* LZDataSaveFun */ = {
			isa = PBXNativeTarget;
			buildConfigurationList = CBCF98821C14942000F6F6C7 /* Build configuration list for PBXNativeTarget "LZDataSaveFun" */;
			buildPhases = (
				CBCF985B1C14942000F6F6C7 /* Sources */,
				CBCF985C1C14942000F6F6C7 /* Frameworks */,
				CBCF985D1C14942000F6F6C7 /* Resources */,
			);
			buildRules = (
			);
			dependencies = (
			);
			name = LZDataSaveFun;
			productName = LZDataSaveFun;
			productReference = CBCF985F1C14942000F6F6C7 /* LZDataSaveFun.app */;
			productType = "com.apple.product-type.application";
		};
		CBCF98771C14942000F6F6C7 /* LZDataSaveFunTests */ = {
			isa = PBXNativeTarget;
			buildConfigurationList = CBCF98851C14942000F6F6C7 /* Build configuration list for PBXNativeTarget "LZDataSaveFunTests" */;
			buildPhases = (
				CBCF98741C14942000F6F6C7 /* Sources */,
				CBCF98751C14942000F6F6C7 /* Frameworks */,
				CBCF98761C14942000F6F6C7 /* Resources */,
			);
			buildRules = (
			);
			dependencies = (
				CBCF987A1C14942000F6F6C7 /* PBXTargetDependency */,
			);
			name = LZDataSaveFunTests;
			productName = LZDataSaveFunTests;
			productReference = CBCF98781C14942000F6F6C7 /* LZDataSaveFunTests.xctest */;
			productType = "com.apple.product-type.bundle.unit-test";
		};
/* End PBXNativeTarget section */

/* Begin PBXProject section */
		CBCF98571C14942000F6F6C7 /* Project object */ = {
			isa = PBXProject;
			attributes = {
				LastUpgradeCheck = 0630;
				ORGANIZATIONNAME = com.comst1314;
				TargetAttributes = {
					CBCF985E1C14942000F6F6C7 = {
						CreatedOnToolsVersion = 6.3.2;
					};
					CBCF98771C14942000F6F6C7 = {
						CreatedOnToolsVersion = 6.3.2;
						TestTargetID = CBCF985E1C14942000F6F6C7;
					};
				};
			};
			buildConfigurationList = CBCF985A1C14942000F6F6C7 /* Build configuration list for PBXProject "LZDataSaveFun" */;
			compatibilityVersion = "Xcode 3.2";
			developmentRegion = English;
			hasScannedForEncodings = 0;
			knownRegions = (
				en,
				Base,
			);
			mainGroup = CBCF98561C14942000F6F6C7;
			productRefGroup = CBCF98601C14942000F6F6C7 /* Products */;
			projectDirPath = "";
			projectRoot = "";
			targets = (
				CBCF985E1C14942000F6F6C7 /* LZDataSaveFun */,
				CBCF98771C14942000F6F6C7 /* LZDataSaveFunTests */,
			);
		};
/* End PBXProject section */

/* Begin PBXResourcesBuildPhase section */
		CBCF985D1C14942000F6F6C7 /* Resources */ = {
			isa = PBXResourcesBuildPhase;
			buildActionMask = 2147483647;
			files = (
				CBCF986E1C14942000F6F6C7 /* Main.storyboard in Resources */,
				CBCF98731C14942000F6F6C7 /* LaunchScreen.xib in Resources */,
				CBCF98701C14942000F6F6C7 /* Images.xcassets in Resources */,
			);
			runOnlyForDeploymentPostprocessing = 0;
		};
		CBCF98761C14942000F6F6C7 /* Resources */ = {
			isa = PBXResourcesBuildPhase;
			buildActionMask = 2147483647;
			files = (
			);
			runOnlyForDeploymentPostprocessing = 0;
		};
/* End PBXResourcesBuildPhase section */

/* Begin PBXSourcesBuildPhase section */
		CBCF985B1C14942000F6F6C7 /* Sources */ = {
			isa = PBXSourcesBuildPhase;
			buildActionMask = 2147483647;
			files = (
				CBCF986B1C14942000F6F6C7 /* ViewController.m in Sources */,
				CBCF98681C14942000F6F6C7 /* AppDelegate.m in Sources */,
				CBCF98651C14942000F6F6C7 /* main.m in Sources */,
			);
			runOnlyForDeploymentPostprocessing = 0;
		};
		CBCF98741C14942000F6F6C7 /* Sources */ = {
			isa = PBXSourcesBuildPhase;
			buildActionMask = 2147483647;
			files = (
				CBCF987F1C14942000F6F6C7 /* LZDataSaveFunTests.m in Sources */,
			);
			runOnlyForDeploymentPostprocessing = 0;
		};
/* End PBXSourcesBuildPhase section */

/* Begin PBXTargetDependency section */
		CBCF987A1C14942000F6F6C7 /* PBXTargetDependency */ = {
			isa = PBXTargetDependency;
			target = CBCF985E1C14942000F6F6C7 /* LZDataSaveFun */;
			targetProxy = CBCF98791C14942000F6F6C7 /* PBXContainerItemProxy */;
		};
/* End PBXTargetDependency section */

/* Begin PBXVariantGroup section */
		CBCF986C1C14942000F6F6C7 /* Main.storyboard */ = {
			isa = PBXVariantGroup;
			children = (
				CBCF986D1C14942000F6F6C7 /* Base */,
			);
			name = Main.storyboard;
			sourceTree = "<group>";
		};
		CBCF98711C14942000F6F6C7 /* LaunchScreen.xib */ = {
			isa = PBXVariantGroup;
			children = (
				CBCF98721C14942000F6F6C7 /* Base */,
			);
			name = LaunchScreen.xib;
			sourceTree = "<group>";
		};
/* End PBXVariantGroup section */

/* Begin XCBuildConfiguration section */
		CBCF98801C14942000F6F6C7 /* Debug */ = {
			isa = XCBuildConfiguration;
			buildSettings = {
				ALWAYS_SEARCH_USER_PATHS = NO;
				CLANG_CXX_LANGUAGE_STANDARD = "gnu++0x";
				CLANG_CXX_LIBRARY = "libc++";
				CLANG_ENABLE_MODULES = YES;
				CLANG_ENABLE_OBJC_ARC = YES;
				CLANG_WARN_BOOL_CONVERSION = YES;
				CLANG_WARN_CONSTANT_CONVERSION = YES;
				CLANG_WARN_DIRECT_OBJC_ISA_USAGE = YES_ERROR;
				CLANG_WARN_EMPTY_BODY = YES;
				CLANG_WARN_ENUM_CONVERSION = YES;
				CLANG_WARN_INT_CONVERSION = YES;
				CLANG_WARN_OBJC_ROOT_CLASS = YES_ERROR;
				CLANG_WARN_UNREACHABLE_CODE = YES;
				CLANG_WARN__DUPLICATE_METHOD_MATCH = YES;
				"CODE_SIGN_IDENTITY[sdk=iphoneos*]" = "iPhone Developer";
				COPY_PHASE_STRIP = NO;
				DEBUG_INFORMATION_FORMAT = "dwarf-with-dsym";
				ENABLE_STRICT_OBJC_MSGSEND = YES;
				GCC_C_LANGUAGE_STANDARD = gnu99;
				GCC_DYNAMIC_NO_PIC = NO;
				GCC_NO_COMMON_BLOCKS = YES;
				GCC_OPTIMIZATION_LEVEL = 0;
				GCC_PREPROCESSOR_DEFINITIONS = (
					"DEBUG=1",
					"$(inherited)",
				);
				GCC_SYMBOLS_PRIVATE_EXTERN = NO;
				GCC_WARN_64_TO_32_BIT_CONVERSION = YES;
				GCC_WARN_ABOUT_RETURN_TYPE = YES_ERROR;
				GCC_WARN_UNDECLARED_SELECTOR = YES;
				GCC_WARN_UNINITIALIZED_AUTOS = YES_AGGRESSIVE;
				GCC_WARN_UNUSED_FUNCTION = YES;
				GCC_WARN_UNUSED_VARIABLE = YES;
				IPHONEOS_DEPLOYMENT_TARGET = 8.3;
				MTL_ENABLE_DEBUG_INFO = YES;
				ONLY_ACTIVE_ARCH = YES;
				SDKROOT = iphoneos;
			};
			name = Debug;
		};
		CBCF98811C14942000F6F6C7 /* Release */ = {
			isa = XCBuildConfiguration;
			buildSettings = {
				ALWAYS_SEARCH_USER_PATHS = NO;
				CLANG_CXX_LANGUAGE_STANDARD = "gnu++0x";
				CLANG_CXX_LIBRARY = "libc++";
				CLANG_ENABLE_MODULES = YES;
				CLANG_ENABLE_OBJC_ARC = YES;
				CLANG_WARN_BOOL_CONVERSION = YES;
				CLANG_WARN_CONSTANT_CONVERSION = YES;
				CLANG_WARN_DIRECT_OBJC_ISA_USAGE = YES_ERROR;
				CLANG_WARN_EMPTY_BODY = YES;
				CLANG_WARN_ENUM_CONVERSION = YES;
				CLANG_WARN_INT_CONVERSION = YES;
				CLANG_WARN_OBJC_ROOT_CLASS = YES_ERROR;
				CLANG_WARN_UNREACHABLE_CODE = YES;
				CLANG_WARN__DUPLICATE_METHOD_MATCH = YES;
				"CODE_SIGN_IDENTITY[sdk=iphoneos*]" = "iPhone Developer";
				COPY_PHASE_STRIP = NO;
				DEBUG_INFORMATION_FORMAT = "dwarf-with-dsym";
				ENABLE_NS_ASSERTIONS = NO;
				ENABLE_STRICT_OBJC_MSGSEND = YES;
				GCC_C_LANGUAGE_STANDARD = gnu99;
				GCC_NO_COMMON_BLOCKS = YES;
				GCC_WARN_64_TO_32_BIT_CONVERSION = YES;
				GCC_WARN_ABOUT_RETURN_TYPE = YES_ERROR;
				GCC_WARN_UNDECLARED_SELECTOR = YES;
				GCC_WARN_UNINITIALIZED_AUTOS = YES_AGGRESSIVE;
				GCC_WARN_UNUSED_FUNCTION = YES;
				GCC_WARN_UNUSED_VARIABLE = YES;
				IPHONEOS_DEPLOYMENT_TARGET = 8.3;
				MTL_ENABLE_DEBUG_INFO = NO;
				SDKROOT = iphoneos;
				VALIDATE_PRODUCT = YES;
			};
			name = Release;
		};
		CBCF98831C14942000F6F6C7 /* Debug */ = {
			isa = XCBuildConfiguration;
			buildSettings = {
				ASSETCATALOG_COMPILER_APPICON_NAME = AppIcon;
				INFOPLIST_FILE = LZDataSaveFun/Info.plist;
				LD_RUNPATH_SEARCH_PATHS = "$(inherited) @executable_path/Frameworks";
				PRODUCT_NAME = "$(TARGET_NAME)";
			};
			name = Debug;
		};
		CBCF98841C14942000F6F6C7 /* Release */ = {
			isa = XCBuildConfiguration;
			buildSettings = {
				ASSETCATALOG_COMPILER_APPICON_NAME = AppIcon;
				INFOPLIST_FILE = LZDataSaveFun/Info.plist;
				LD_RUNPATH_SEARCH_PATHS = "$(inherited) @executable_path/Frameworks";
				PRODUCT_NAME = "$(TARGET_NAME)";
			};
			name = Release;
		};
		CBCF98861C14942000F6F6C7 /* Debug */ = {
			isa = XCBuildConfiguration;
			buildSettings = {
				BUNDLE_LOADER = "$(TEST_HOST)";
				FRAMEWORK_SEARCH_PATHS = (
					"$(SDKROOT)/Developer/Library/Frameworks",
					"$(inherited)",
				);
				GCC_PREPROCESSOR_DEFINITIONS = (
					"DEBUG=1",
					"$(inherited)",
				);
				INFOPLIST_FILE = LZDataSaveFunTests/Info.plist;
				LD_RUNPATH_SEARCH_PATHS = "$(inherited) @executable_path/Frameworks @loader_path/Frameworks";
				PRODUCT_NAME = "$(TARGET_NAME)";
				TEST_HOST = "$(BUILT_PRODUCTS_DIR)/LZDataSaveFun.app/LZDataSaveFun";
			};
			name = Debug;
		};
		CBCF98871C14942000F6F6C7 /* Release */ = {
			isa = XCBuildConfiguration;
			buildSettings = {
				BUNDLE_LOADER = "$(TEST_HOST)";
				FRAMEWORK_SEARCH_PATHS = (
					"$(SDKROOT)/Developer/Library/Frameworks",
					"$(inherited)",
				);
				INFOPLIST_FILE = LZDataSaveFunTests/Info.plist;
				LD_RUNPATH_SEARCH_PATHS = "$(inherited) @executable_path/Frameworks @loader_path/Frameworks";
				PRODUCT_NAME = "$(TARGET_NAME)";
				TEST_HOST = "$(BUILT_PRODUCTS_DIR)/LZDataSaveFun.app/LZDataSaveFun";
			};
			name = Release;
		};
/* End XCBuildConfiguration section */

/* Begin XCConfigurationList section */
		CBCF985A1C14942000F6F6C7 /* Build configuration list for PBXProject "LZDataSaveFun" */ = {
			isa = XCConfigurationList;
			buildConfigurations = (
				CBCF98801C14942000F6F6C7 /* Debug */,
				CBCF98811C14942000F6F6C7 /* Release */,
			);
			defaultConfigurationIsVisible = 0;
			defaultConfigurationName = Release;
		};
		CBCF98821C14942000F6F6C7 /* Build configuration list for PBXNativeTarget "LZDataSaveFun" */ = {
			isa = XCConfigurationList;
			buildConfigurations = (
				CBCF98831C14942000F6F6C7 /* Debug */,
				CBCF98841C14942000F6F6C7 /* Release */,
			);
			defaultConfigurationIsVisible = 0;
		};
		CBCF98851C14942000F6F6C7 /* Build configuration list for PBXNativeTarget "LZDataSaveFunTests" */ = {
			isa = XCConfigurationList;
			buildConfigurations = (
				CBCF98861C14942000F6F6C7 /* Debug */,
				CBCF98871C14942000F6F6C7 /* Release */,
			);
			defaultConfigurationIsVisible = 0;
		};
/* End XCConfigurationList section */
	};
	rootObject = CBCF98571C14942000F6F6C7 /* Project object */;
}
