// !$*UTF8*$!
{
	archiveVersion = 1;
	classes = {
	};
	objectVersion = 46;
	objects = {

/* Begin PBXBuildFile section */
		CB8222B71C16CFC400DD80C7 /* main.m in Sources */ = {isa = PBXBuildFile; fileRef = CB8222B61C16CFC400DD80C7 /* main.m */; };
		CB8222BA1C16CFC400DD80C7 /* AppDelegate.m in Sources */ = {isa = PBXBuildFile; fileRef = CB8222B91C16CFC400DD80C7 /* AppDelegate.m */; };
		CB8222BD1C16CFC400DD80C7 /* LZStateFun.xcdatamodeld in Sources */ = {isa = PBXBuildFile; fileRef = CB8222BB1C16CFC400DD80C7 /* LZStateFun.xcdatamodeld */; };
		CB8222C01C16CFC400DD80C7 /* ViewController.m in Sources */ = {isa = PBXBuildFile; fileRef = CB8222BF1C16CFC400DD80C7 /* ViewController.m */; };
		CB8222C31C16CFC400DD80C7 /* Main.storyboard in Resources */ = {isa = PBXBuildFile; fileRef = CB8222C11C16CFC400DD80C7 /* Main.storyboard */; };
		CB8222C51C16CFC400DD80C7 /* Images.xcassets in Resources */ = {isa = PBXBuildFile; fileRef = CB8222C41C16CFC400DD80C7 /* Images.xcassets */; };
		CB8222C81C16CFC400DD80C7 /* LaunchScreen.xib in Resources */ = {isa = PBXBuildFile; fileRef = CB8222C61C16CFC400DD80C7 /* LaunchScreen.xib */; };
		CB8222D41C16CFC400DD80C7 /* LZStateFunTests.m in Sources */ = {isa = PBXBuildFile; fileRef = CB8222D31C16CFC400DD80C7 /* LZStateFunTests.m */; };
		CB8222DE1C16DF0500DD80C7 /* smiley.png in Resources */ = {isa = PBXBuildFile; fileRef = CB8222DD1C16DF0500DD80C7 /* smiley.png */; };
/* End PBXBuildFile section */

/* Begin PBXContainerItemProxy section */
		CB8222CE1C16CFC400DD80C7 /* PBXContainerItemProxy */ = {
			isa = PBXContainerItemProxy;
			containerPortal = CB8222A91C16CFC400DD80C7 /* Project object */;
			proxyType = 1;
			remoteGlobalIDString = CB8222B01C16CFC400DD80C7;
			remoteInfo = LZStateFun;
		};
/* End PBXContainerItemProxy section */

/* Begin PBXFileReference section */
		CB8222B11C16CFC400DD80C7 /* LZStateFun.app */ = {isa = PBXFileReference; explicitFileType = wrapper.application; includeInIndex = 0; path = LZStateFun.app; sourceTree = BUILT_PRODUCTS_DIR; };
		CB8222B51C16CFC400DD80C7 /* Info.plist */ = {isa = PBXFileReference; lastKnownFileType = text.plist.xml; path = Info.plist; sourceTree = "<group>"; };
		CB8222B61C16CFC400DD80C7 /* main.m */ = {isa = PBXFileReference; lastKnownFileType = sourcecode.c.objc; path = main.m; sourceTree = "<group>"; };
		CB8222B81C16CFC400DD80C7 /* AppDelegate.h */ = {isa = PBXFileReference; lastKnownFileType = sourcecode.c.h; path = AppDelegate.h; sourceTree = "<group>"; };
		CB8222B91C16CFC400DD80C7 /* AppDelegate.m */ = {isa = PBXFileReference; lastKnownFileType = sourcecode.c.objc; path = AppDelegate.m; sourceTree = "<group>"; };
		CB8222BC1C16CFC400DD80C7 /* LZStateFun.xcdatamodel */ = {isa = PBXFileReference; lastKnownFileType = wrapper.xcdatamodel; path = LZStateFun.xcdatamodel; sourceTree = "<group>"; };
		CB8222BE1C16CFC400DD80C7 /* ViewController.h */ = {isa = PBXFileReference; lastKnownFileType = sourcecode.c.h; path = ViewController.h; sourceTree = "<group>"; };
		CB8222BF1C16CFC400DD80C7 /* ViewController.m */ = {isa = PBXFileReference; lastKnownFileType = sourcecode.c.objc; path = ViewController.m; sourceTree = "<group>"; };
		CB8222C21C16CFC400DD80C7 /* Base */ = {isa = PBXFileReference; lastKnownFileType = file.storyboard; name = Base; path = Base.lproj/Main.storyboard; sourceTree = "<group>"; };
		CB8222C41C16CFC400DD80C7 /* Images.xcassets */ = {isa = PBXFileReference; lastKnownFileType = folder.assetcatalog; path = Images.xcassets; sourceTree = "<group>"; };
		CB8222C71C16CFC400DD80C7 /* Base */ = {isa = PBXFileReference; lastKnownFileType = file.xib; name = Base; path = Base.lproj/LaunchScreen.xib; sourceTree = "<group>"; };
		CB8222CD1C16CFC400DD80C7 /* LZStateFunTests.xctest */ = {isa = PBXFileReference; explicitFileType = wrapper.cfbundle; includeInIndex = 0; path = LZStateFunTests.xctest; sourceTree = BUILT_PRODUCTS_DIR; };
		CB8222D21C16CFC400DD80C7 /* Info.plist */ = {isa = PBXFileReference; lastKnownFileType = text.plist.xml; path = Info.plist; sourceTree = "<group>"; };
		CB8222D31C16CFC400DD80C7 /* LZStateFunTests.m */ = {isa = PBXFileReference; lastKnownFileType = sourcecode.c.objc; path = LZStateFunTests.m; sourceTree = "<group>"; };
		CB8222DD1C16DF0500DD80C7 /* smiley.png */ = {isa = PBXFileReference; lastKnownFileType = image.png; path = smiley.png; sourceTree = "<group>"; };
/* End PBXFileReference section */

/* Begin PBXFrameworksBuildPhase section */
		CB8222AE1C16CFC400DD80C7 /* Frameworks */ = {
			isa = PBXFrameworksBuildPhase;
			buildActionMask = 2147483647;
			files = (
			);
			runOnlyForDeploymentPostprocessing = 0;
		};
		CB8222CA1C16CFC400DD80C7 /* Frameworks */ = {
			isa = PBXFrameworksBuildPhase;
			buildActionMask = 2147483647;
			files = (
			);
			runOnlyForDeploymentPostprocessing = 0;
		};
/* End PBXFrameworksBuildPhase section */

/* Begin PBXGroup section */
		CB8222A81C16CFC400DD80C7 = {
			isa = PBXGroup;
			children = (
				CB8222B31C16CFC400DD80C7 /* LZStateFun */,
				CB8222D01C16CFC400DD80C7 /* LZStateFunTests */,
				CB8222B21C16CFC400DD80C7 /* Products */,
			);
			sourceTree = "<group>";
		};
		CB8222B21C16CFC400DD80C7 /* Products */ = {
			isa = PBXGroup;
			children = (
				CB8222B11C16CFC400DD80C7 /* LZStateFun.app */,
				CB8222CD1C16CFC400DD80C7 /* LZStateFunTests.xctest */,
			);
			name = Products;
			sourceTree = "<group>";
		};
		CB8222B31C16CFC400DD80C7 /* LZStateFun */ = {
			isa = PBXGroup;
			children = (
				CB8222B81C16CFC400DD80C7 /* AppDelegate.h */,
				CB8222B91C16CFC400DD80C7 /* AppDelegate.m */,
				CB8222BE1C16CFC400DD80C7 /* ViewController.h */,
				CB8222BF1C16CFC400DD80C7 /* ViewController.m */,
				CB8222C11C16CFC400DD80C7 /* Main.storyboard */,
				CB8222C41C16CFC400DD80C7 /* Images.xcassets */,
				CB8222C61C16CFC400DD80C7 /* LaunchScreen.xib */,
				CB8222BB1C16CFC400DD80C7 /* LZStateFun.xcdatamodeld */,
				CB8222B41C16CFC400DD80C7 /* Supporting Files */,
			);
			path = LZStateFun;
			sourceTree = "<group>";
		};
		CB8222B41C16CFC400DD80C7 /* Supporting Files */ = {
			isa = PBXGroup;
			children = (
				CB8222DD1C16DF0500DD80C7 /* smiley.png */,
				CB8222B51C16CFC400DD80C7 /* Info.plist */,
				CB8222B61C16CFC400DD80C7 /* main.m */,
			);
			name = "Supporting Files";
			sourceTree = "<group>";
		};
		CB8222D01C16CFC400DD80C7 /* LZStateFunTests */ = {
			isa = PBXGroup;
			children = (
				CB8222D31C16CFC400DD80C7 /* LZStateFunTests.m */,
				CB8222D11C16CFC400DD80C7 /* Supporting Files */,
			);
			path = LZStateFunTests;
			sourceTree = "<group>";
		};
		CB8222D11C16CFC400DD80C7 /* Supporting Files */ = {
			isa = PBXGroup;
			children = (
				CB8222D21C16CFC400DD80C7 /* Info.plist */,
			);
			name = "Supporting Files";
			sourceTree = "<group>";
		};
/* End PBXGroup section */

/* Begin PBXNativeTarget section */
		CB8222B01C16CFC400DD80C7 /* LZStateFun */ = {
			isa = PBXNativeTarget;
			buildConfigurationList = CB8222D71C16CFC400DD80C7 /* Build configuration list for PBXNativeTarget "LZStateFun" */;
			buildPhases = (
				CB8222AD1C16CFC400DD80C7 /* Sources */,
				CB8222AE1C16CFC400DD80C7 /* Frameworks */,
				CB8222AF1C16CFC400DD80C7 /* Resources */,
			);
			buildRules = (
			);
			dependencies = (
			);
			name = LZStateFun;
			productName = LZStateFun;
			productReference = CB8222B11C16CFC400DD80C7 /* LZStateFun.app */;
			productType = "com.apple.product-type.application";
		};
		CB8222CC1C16CFC400DD80C7 /* LZStateFunTests */ = {
			isa = PBXNativeTarget;
			buildConfigurationList = CB8222DA1C16CFC400DD80C7 /* Build configuration list for PBXNativeTarget "LZStateFunTests" */;
			buildPhases = (
				CB8222C91C16CFC400DD80C7 /* Sources */,
				CB8222CA1C16CFC400DD80C7 /* Frameworks */,
				CB8222CB1C16CFC400DD80C7 /* Resources */,
			);
			buildRules = (
			);
			dependencies = (
				CB8222CF1C16CFC400DD80C7 /* PBXTargetDependency */,
			);
			name = LZStateFunTests;
			productName = LZStateFunTests;
			productReference = CB8222CD1C16CFC400DD80C7 /* LZStateFunTests.xctest */;
			productType = "com.apple.product-type.bundle.unit-test";
		};
/* End PBXNativeTarget section */

/* Begin PBXProject section */
		CB8222A91C16CFC400DD80C7 /* Project object */ = {
			isa = PBXProject;
			attributes = {
				LastUpgradeCheck = 0630;
				ORGANIZATIONNAME = com.comst1314;
				TargetAttributes = {
					CB8222B01C16CFC400DD80C7 = {
						CreatedOnToolsVersion = 6.3.2;
					};
					CB8222CC1C16CFC400DD80C7 = {
						CreatedOnToolsVersion = 6.3.2;
						TestTargetID = CB8222B01C16CFC400DD80C7;
					};
				};
			};
			buildConfigurationList = CB8222AC1C16CFC400DD80C7 /* Build configuration list for PBXProject "LZStateFun" */;
			compatibilityVersion = "Xcode 3.2";
			developmentRegion = English;
			hasScannedForEncodings = 0;
			knownRegions = (
				en,
				Base,
			);
			mainGroup = CB8222A81C16CFC400DD80C7;
			productRefGroup = CB8222B21C16CFC400DD80C7 /* Products */;
			projectDirPath = "";
			projectRoot = "";
			targets = (
				CB8222B01C16CFC400DD80C7 /* LZStateFun */,
				CB8222CC1C16CFC400DD80C7 /* LZStateFunTests */,
			);
		};
/* End PBXProject section */

/* Begin PBXResourcesBuildPhase section */
		CB8222AF1C16CFC400DD80C7 /* Resources */ = {
			isa = PBXResourcesBuildPhase;
			buildActionMask = 2147483647;
			files = (
				CB8222DE1C16DF0500DD80C7 /* smiley.png in Resources */,
				CB8222C31C16CFC400DD80C7 /* Main.storyboard in Resources */,
				CB8222C81C16CFC400DD80C7 /* LaunchScreen.xib in Resources */,
				CB8222C51C16CFC400DD80C7 /* Images.xcassets in Resources */,
			);
			runOnlyForDeploymentPostprocessing = 0;
		};
		CB8222CB1C16CFC400DD80C7 /* Resources */ = {
			isa = PBXResourcesBuildPhase;
			buildActionMask = 2147483647;
			files = (
			);
			runOnlyForDeploymentPostprocessing = 0;
		};
/* End PBXResourcesBuildPhase section */

/* Begin PBXSourcesBuildPhase section */
		CB8222AD1C16CFC400DD80C7 /* Sources */ = {
			isa = PBXSourcesBuildPhase;
			buildActionMask = 2147483647;
			files = (
				CB8222BD1C16CFC400DD80C7 /* LZStateFun.xcdatamodeld in Sources */,
				CB8222BA1C16CFC400DD80C7 /* AppDelegate.m in Sources */,
				CB8222C01C16CFC400DD80C7 /* ViewController.m in Sources */,
				CB8222B71C16CFC400DD80C7 /* main.m in Sources */,
			);
			runOnlyForDeploymentPostprocessing = 0;
		};
		CB8222C91C16CFC400DD80C7 /* Sources */ = {
			isa = PBXSourcesBuildPhase;
			buildActionMask = 2147483647;
			files = (
				CB8222D41C16CFC400DD80C7 /* LZStateFunTests.m in Sources */,
			);
			runOnlyForDeploymentPostprocessing = 0;
		};
/* End PBXSourcesBuildPhase section */

/* Begin PBXTargetDependency section */
		CB8222CF1C16CFC400DD80C7 /* PBXTargetDependency */ = {
			isa = PBXTargetDependency;
			target = CB8222B01C16CFC400DD80C7 /* LZStateFun */;
			targetProxy = CB8222CE1C16CFC400DD80C7 /* PBXContainerItemProxy */;
		};
/* End PBXTargetDependency section */

/* Begin PBXVariantGroup section */
		CB8222C11C16CFC400DD80C7 /* Main.storyboard */ = {
			isa = PBXVariantGroup;
			children = (
				CB8222C21C16CFC400DD80C7 /* Base */,
			);
			name = Main.storyboard;
			sourceTree = "<group>";
		};
		CB8222C61C16CFC400DD80C7 /* LaunchScreen.xib */ = {
			isa = PBXVariantGroup;
			children = (
				CB8222C71C16CFC400DD80C7 /* Base */,
			);
			name = LaunchScreen.xib;
			sourceTree = "<group>";
		};
/* End PBXVariantGroup section */

/* Begin XCBuildConfiguration section */
		CB8222D51C16CFC400DD80C7 /* Debug */ = {
			isa = XCBuildConfiguration;
			buildSettings = {
				ALWAYS_SEARCH_USER_PATHS = NO;
				CLANG_CXX_LANGUAGE_STANDARD = "gnu++0x";
				CLANG_CXX_LIBRARY = "libc++";
				CLANG_ENABLE_MODULES = YES;
				CLANG_ENABLE_OBJC_ARC = YES;
				CLANG_WARN_BOOL_CONVERSION = YES;
				CLANG_WARN_CONSTANT_CONVERSION = YES;
				CLANG_WARN_DIRECT_OBJC_ISA_USAGE = YES_ERROR;
				CLANG_WARN_EMPTY_BODY = YES;
				CLANG_WARN_ENUM_CONVERSION = YES;
				CLANG_WARN_INT_CONVERSION = YES;
				CLANG_WARN_OBJC_ROOT_CLASS = YES_ERROR;
				CLANG_WARN_UNREACHABLE_CODE = YES;
				CLANG_WARN__DUPLICATE_METHOD_MATCH = YES;
				"CODE_SIGN_IDENTITY[sdk=iphoneos*]" = "iPhone Developer";
				COPY_PHASE_STRIP = NO;
				DEBUG_INFORMATION_FORMAT = "dwarf-with-dsym";
				ENABLE_STRICT_OBJC_MSGSEND = YES;
				GCC_C_LANGUAGE_STANDARD = gnu99;
				GCC_DYNAMIC_NO_PIC = NO;
				GCC_NO_COMMON_BLOCKS = YES;
				GCC_OPTIMIZATION_LEVEL = 0;
				GCC_PREPROCESSOR_DEFINITIONS = (
					"DEBUG=1",
					"$(inherited)",
				);
				GCC_SYMBOLS_PRIVATE_EXTERN = NO;
				GCC_WARN_64_TO_32_BIT_CONVERSION = YES;
				GCC_WARN_ABOUT_RETURN_TYPE = YES_ERROR;
				GCC_WARN_UNDECLARED_SELECTOR = YES;
				GCC_WARN_UNINITIALIZED_AUTOS = YES_AGGRESSIVE;
				GCC_WARN_UNUSED_FUNCTION = YES;
				GCC_WARN_UNUSED_VARIABLE = YES;
				IPHONEOS_DEPLOYMENT_TARGET = 8.3;
				MTL_ENABLE_DEBUG_INFO = YES;
				ONLY_ACTIVE_ARCH = YES;
				SDKROOT = iphoneos;
			};
			name = Debug;
		};
		CB8222D61C16CFC400DD80C7 /* Release */ = {
			isa = XCBuildConfiguration;
			buildSettings = {
				ALWAYS_SEARCH_USER_PATHS = NO;
				CLANG_CXX_LANGUAGE_STANDARD = "gnu++0x";
				CLANG_CXX_LIBRARY = "libc++";
				CLANG_ENABLE_MODULES = YES;
				CLANG_ENABLE_OBJC_ARC = YES;
				CLANG_WARN_BOOL_CONVERSION = YES;
				CLANG_WARN_CONSTANT_CONVERSION = YES;
				CLANG_WARN_DIRECT_OBJC_ISA_USAGE = YES_ERROR;
				CLANG_WARN_EMPTY_BODY = YES;
				CLANG_WARN_ENUM_CONVERSION = YES;
				CLANG_WARN_INT_CONVERSION = YES;
				CLANG_WARN_OBJC_ROOT_CLASS = YES_ERROR;
				CLANG_WARN_UNREACHABLE_CODE = YES;
				CLANG_WARN__DUPLICATE_METHOD_MATCH = YES;
				"CODE_SIGN_IDENTITY[sdk=iphoneos*]" = "iPhone Developer";
				COPY_PHASE_STRIP = NO;
				DEBUG_INFORMATION_FORMAT = "dwarf-with-dsym";
				ENABLE_NS_ASSERTIONS = NO;
				ENABLE_STRICT_OBJC_MSGSEND = YES;
				GCC_C_LANGUAGE_STANDARD = gnu99;
				GCC_NO_COMMON_BLOCKS = YES;
				GCC_WARN_64_TO_32_BIT_CONVERSION = YES;
				GCC_WARN_ABOUT_RETURN_TYPE = YES_ERROR;
				GCC_WARN_UNDECLARED_SELECTOR = YES;
				GCC_WARN_UNINITIALIZED_AUTOS = YES_AGGRESSIVE;
				GCC_WARN_UNUSED_FUNCTION = YES;
				GCC_WARN_UNUSED_VARIABLE = YES;
				IPHONEOS_DEPLOYMENT_TARGET = 8.3;
				MTL_ENABLE_DEBUG_INFO = NO;
				SDKROOT = iphoneos;
				VALIDATE_PRODUCT = YES;
			};
			name = Release;
		};
		CB8222D81C16CFC400DD80C7 /* Debug */ = {
			isa = XCBuildConfiguration;
			buildSettings = {
				ASSETCATALOG_COMPILER_APPICON_NAME = AppIcon;
				INFOPLIST_FILE = LZStateFun/Info.plist;
				LD_RUNPATH_SEARCH_PATHS = "$(inherited) @executable_path/Frameworks";
				PRODUCT_NAME = "$(TARGET_NAME)";
			};
			name = Debug;
		};
		CB8222D91C16CFC400DD80C7 /* Release */ = {
			isa = XCBuildConfiguration;
			buildSettings = {
				ASSETCATALOG_COMPILER_APPICON_NAME = AppIcon;
				INFOPLIST_FILE = LZStateFun/Info.plist;
				LD_RUNPATH_SEARCH_PATHS = "$(inherited) @executable_path/Frameworks";
				PRODUCT_NAME = "$(TARGET_NAME)";
			};
			name = Release;
		};
		CB8222DB1C16CFC400DD80C7 /* Debug */ = {
			isa = XCBuildConfiguration;
			buildSettings = {
				BUNDLE_LOADER = "$(TEST_HOST)";
				FRAMEWORK_SEARCH_PATHS = (
					"$(SDKROOT)/Developer/Library/Frameworks",
					"$(inherited)",
				);
				GCC_PREPROCESSOR_DEFINITIONS = (
					"DEBUG=1",
					"$(inherited)",
				);
				INFOPLIST_FILE = LZStateFunTests/Info.plist;
				LD_RUNPATH_SEARCH_PATHS = "$(inherited) @executable_path/Frameworks @loader_path/Frameworks";
				PRODUCT_NAME = "$(TARGET_NAME)";
				TEST_HOST = "$(BUILT_PRODUCTS_DIR)/LZStateFun.app/LZStateFun";
			};
			name = Debug;
		};
		CB8222DC1C16CFC400DD80C7 /* Release */ = {
			isa = XCBuildConfiguration;
			buildSettings = {
				BUNDLE_LOADER = "$(TEST_HOST)";
				FRAMEWORK_SEARCH_PATHS = (
					"$(SDKROOT)/Developer/Library/Frameworks",
					"$(inherited)",
				);
				INFOPLIST_FILE = LZStateFunTests/Info.plist;
				LD_RUNPATH_SEARCH_PATHS = "$(inherited) @executable_path/Frameworks @loader_path/Frameworks";
				PRODUCT_NAME = "$(TARGET_NAME)";
				TEST_HOST = "$(BUILT_PRODUCTS_DIR)/LZStateFun.app/LZStateFun";
			};
			name = Release;
		};
/* End XCBuildConfiguration section */

/* Begin XCConfigurationList section */
		CB8222AC1C16CFC400DD80C7 /* Build configuration list for PBXProject "LZStateFun" */ = {
			isa = XCConfigurationList;
			buildConfigurations = (
				CB8222D51C16CFC400DD80C7 /* Debug */,
				CB8222D61C16CFC400DD80C7 /* Release */,
			);
			defaultConfigurationIsVisible = 0;
			defaultConfigurationName = Release;
		};
		CB8222D71C16CFC400DD80C7 /* Build configuration list for PBXNativeTarget "LZStateFun" */ = {
			isa = XCConfigurationList;
			buildConfigurations = (
				CB8222D81C16CFC400DD80C7 /* Debug */,
				CB8222D91C16CFC400DD80C7 /* Release */,
			);
			defaultConfigurationIsVisible = 0;
		};
		CB8222DA1C16CFC400DD80C7 /* Build configuration list for PBXNativeTarget "LZStateFunTests" */ = {
			isa = XCConfigurationList;
			buildConfigurations = (
				CB8222DB1C16CFC400DD80C7 /* Debug */,
				CB8222DC1C16CFC400DD80C7 /* Release */,
			);
			defaultConfigurationIsVisible = 0;
		};
/* End XCConfigurationList section */

/* Begin XCVersionGroup section */
		CB8222BB1C16CFC400DD80C7 /* LZStateFun.xcdatamodeld */ = {
			isa = XCVersionGroup;
			children = (
				CB8222BC1C16CFC400DD80C7 /* LZStateFun.xcdatamodel */,
			);
			currentVersion = CB8222BC1C16CFC400DD80C7 /* LZStateFun.xcdatamodel */;
			path = LZStateFun.xcdatamodeld;
			sourceTree = "<group>";
			versionGroupType = wrapper.xcdatamodel;
		};
/* End XCVersionGroup section */
	};
	rootObject = CB8222A91C16CFC400DD80C7 /* Project object */;
}
